# This file is automatically @generated by Poetry 1.7.1 and should not be changed by hand.

[[package]]
name = "annotated-types"
version = "0.6.0"
description = "Reusable constraint types to use with typing.Annotated"
optional = false
python-versions = ">=3.8"
files = [
    {file = "annotated_types-0.6.0-py3-none-any.whl", hash = "sha256:0641064de18ba7a25dee8f96403ebc39113d0cb953a01429249d5c7564666a43"},
    {file = "annotated_types-0.6.0.tar.gz", hash = "sha256:563339e807e53ffd9c267e99fc6d9ea23eb8443c08f112651963e24e22f84a5d"},
]

[[package]]
name = "anyio"
version = "4.2.0"
description = "High level compatibility layer for multiple asynchronous event loop implementations"
optional = false
python-versions = ">=3.8"
files = [
    {file = "anyio-4.2.0-py3-none-any.whl", hash = "sha256:745843b39e829e108e518c489b31dc757de7d2131d53fac32bd8df268227bfee"},
    {file = "anyio-4.2.0.tar.gz", hash = "sha256:e1875bb4b4e2de1669f4bc7869b6d3f54231cdced71605e6e64c9be77e3be50f"},
]

[package.dependencies]
idna = ">=2.8"
sniffio = ">=1.1"

[package.extras]
doc = ["Sphinx (>=7)", "packaging", "sphinx-autodoc-typehints (>=1.2.0)", "sphinx-rtd-theme"]
test = ["anyio[trio]", "coverage[toml] (>=7)", "exceptiongroup (>=1.2.0)", "hypothesis (>=4.0)", "psutil (>=5.9)", "pytest (>=7.0)", "pytest-mock (>=3.6.1)", "trustme", "uvloop (>=0.17)"]
trio = ["trio (>=0.23)"]

[[package]]
name = "black"
version = "22.1.0"
description = "The uncompromising code formatter."
optional = false
python-versions = ">=3.6.2"
files = [
    {file = "black-22.1.0-cp310-cp310-macosx_10_9_universal2.whl", hash = "sha256:1297c63b9e1b96a3d0da2d85d11cd9bf8664251fd69ddac068b98dc4f34f73b6"},
    {file = "black-22.1.0-cp310-cp310-macosx_10_9_x86_64.whl", hash = "sha256:2ff96450d3ad9ea499fc4c60e425a1439c2120cbbc1ab959ff20f7c76ec7e866"},
    {file = "black-22.1.0-cp310-cp310-macosx_11_0_arm64.whl", hash = "sha256:0e21e1f1efa65a50e3960edd068b6ae6d64ad6235bd8bfea116a03b21836af71"},
    {file = "black-22.1.0-cp310-cp310-manylinux_2_17_x86_64.manylinux2014_x86_64.whl", hash = "sha256:e2f69158a7d120fd641d1fa9a921d898e20d52e44a74a6fbbcc570a62a6bc8ab"},
    {file = "black-22.1.0-cp310-cp310-win_amd64.whl", hash = "sha256:228b5ae2c8e3d6227e4bde5920d2fc66cc3400fde7bcc74f480cb07ef0b570d5"},
    {file = "black-22.1.0-cp36-cp36m-macosx_10_9_x86_64.whl", hash = "sha256:b1a5ed73ab4c482208d20434f700d514f66ffe2840f63a6252ecc43a9bc77e8a"},
    {file = "black-22.1.0-cp36-cp36m-manylinux_2_17_x86_64.manylinux2014_x86_64.whl", hash = "sha256:35944b7100af4a985abfcaa860b06af15590deb1f392f06c8683b4381e8eeaf0"},
    {file = "black-22.1.0-cp36-cp36m-win_amd64.whl", hash = "sha256:7835fee5238fc0a0baf6c9268fb816b5f5cd9b8793423a75e8cd663c48d073ba"},
    {file = "black-22.1.0-cp37-cp37m-macosx_10_9_x86_64.whl", hash = "sha256:dae63f2dbf82882fa3b2a3c49c32bffe144970a573cd68d247af6560fc493ae1"},
    {file = "black-22.1.0-cp37-cp37m-manylinux_2_17_x86_64.manylinux2014_x86_64.whl", hash = "sha256:5fa1db02410b1924b6749c245ab38d30621564e658297484952f3d8a39fce7e8"},
    {file = "black-22.1.0-cp37-cp37m-win_amd64.whl", hash = "sha256:c8226f50b8c34a14608b848dc23a46e5d08397d009446353dad45e04af0c8e28"},
    {file = "black-22.1.0-cp38-cp38-macosx_10_9_universal2.whl", hash = "sha256:2d6f331c02f0f40aa51a22e479c8209d37fcd520c77721c034517d44eecf5912"},
    {file = "black-22.1.0-cp38-cp38-macosx_10_9_x86_64.whl", hash = "sha256:742ce9af3086e5bd07e58c8feb09dbb2b047b7f566eb5f5bc63fd455814979f3"},
    {file = "black-22.1.0-cp38-cp38-macosx_11_0_arm64.whl", hash = "sha256:fdb8754b453fb15fad3f72cd9cad3e16776f0964d67cf30ebcbf10327a3777a3"},
    {file = "black-22.1.0-cp38-cp38-manylinux_2_17_x86_64.manylinux2014_x86_64.whl", hash = "sha256:f5660feab44c2e3cb24b2419b998846cbb01c23c7fe645fee45087efa3da2d61"},
    {file = "black-22.1.0-cp38-cp38-win_amd64.whl", hash = "sha256:6f2f01381f91c1efb1451998bd65a129b3ed6f64f79663a55fe0e9b74a5f81fd"},
    {file = "black-22.1.0-cp39-cp39-macosx_10_9_universal2.whl", hash = "sha256:efbadd9b52c060a8fc3b9658744091cb33c31f830b3f074422ed27bad2b18e8f"},
    {file = "black-22.1.0-cp39-cp39-macosx_10_9_x86_64.whl", hash = "sha256:8871fcb4b447206904932b54b567923e5be802b9b19b744fdff092bd2f3118d0"},
    {file = "black-22.1.0-cp39-cp39-macosx_11_0_arm64.whl", hash = "sha256:ccad888050f5393f0d6029deea2a33e5ae371fd182a697313bdbd835d3edaf9c"},
    {file = "black-22.1.0-cp39-cp39-manylinux_2_17_x86_64.manylinux2014_x86_64.whl", hash = "sha256:07e5c049442d7ca1a2fc273c79d1aecbbf1bc858f62e8184abe1ad175c4f7cc2"},
    {file = "black-22.1.0-cp39-cp39-win_amd64.whl", hash = "sha256:373922fc66676133ddc3e754e4509196a8c392fec3f5ca4486673e685a421321"},
    {file = "black-22.1.0-py3-none-any.whl", hash = "sha256:3524739d76b6b3ed1132422bf9d82123cd1705086723bc3e235ca39fd21c667d"},
    {file = "black-22.1.0.tar.gz", hash = "sha256:a7c0192d35635f6fc1174be575cb7915e92e5dd629ee79fdaf0dcfa41a80afb5"},
]

[package.dependencies]
click = ">=8.0.0"
mypy-extensions = ">=0.4.3"
pathspec = ">=0.9.0"
platformdirs = ">=2"
tomli = ">=1.1.0"

[package.extras]
colorama = ["colorama (>=0.4.3)"]
d = ["aiohttp (>=3.7.4)"]
jupyter = ["ipython (>=7.8.0)", "tokenize-rt (>=3.2.0)"]
uvloop = ["uvloop (>=0.15.2)"]

[[package]]
name = "blue"
version = "0.9.1"
description = "Blue -- Some folks like black but I prefer blue."
optional = false
python-versions = "*"
files = [
    {file = "blue-0.9.1-py3-none-any.whl", hash = "sha256:037742c072c58a2ff024f59fb9164257b907f97f8f862008db3b013d1f27cc22"},
    {file = "blue-0.9.1.tar.gz", hash = "sha256:76b4f26884a8425042356601d80773db6e0e14bebaa7a59d7c54bf8cef2e2af5"},
]

[package.dependencies]
black = "22.1.0"
flake8 = ">=3.8,<5.0.0"

[[package]]
name = "certifi"
version = "2024.2.2"
description = "Python package for providing Mozilla's CA Bundle."
optional = false
python-versions = ">=3.6"
files = [
    {file = "certifi-2024.2.2-py3-none-any.whl", hash = "sha256:dc383c07b76109f368f6106eee2b593b04a011ea4d55f652c6ca24a754d1cdd1"},
    {file = "certifi-2024.2.2.tar.gz", hash = "sha256:0569859f95fc761b18b45ef421b1290a0f65f147e92a1e5eb3e635f9a5e4e66f"},
]

[[package]]
name = "click"
version = "8.1.7"
description = "Composable command line interface toolkit"
optional = false
python-versions = ">=3.7"
files = [
    {file = "click-8.1.7-py3-none-any.whl", hash = "sha256:ae74fb96c20a0277a1d615f1e4d73c8414f5a98db8b799a7931d1582f3390c28"},
    {file = "click-8.1.7.tar.gz", hash = "sha256:ca9853ad459e787e2192211578cc907e7594e294c7ccc834310722b41b9ca6de"},
]

[package.dependencies]
colorama = {version = "*", markers = "platform_system == \"Windows\""}

[[package]]
name = "colorama"
version = "0.4.6"
description = "Cross-platform colored terminal text."
optional = false
python-versions = "!=3.0.*,!=3.1.*,!=3.2.*,!=3.3.*,!=3.4.*,!=3.5.*,!=3.6.*,>=2.7"
files = [
    {file = "colorama-0.4.6-py2.py3-none-any.whl", hash = "sha256:4f1d9991f5acc0ca119f9d443620b77f9d6b33703e51011c16baf57afb285fc6"},
    {file = "colorama-0.4.6.tar.gz", hash = "sha256:08695f5cb7ed6e0531a20572697297273c47b8cae5a63ffc6d6ed5c201be6e44"},
]

[[package]]
name = "coverage"
version = "7.4.1"
description = "Code coverage measurement for Python"
optional = false
python-versions = ">=3.8"
files = [
    {file = "coverage-7.4.1-cp310-cp310-macosx_10_9_x86_64.whl", hash = "sha256:077d366e724f24fc02dbfe9d946534357fda71af9764ff99d73c3c596001bbd7"},
    {file = "coverage-7.4.1-cp310-cp310-macosx_11_0_arm64.whl", hash = "sha256:0193657651f5399d433c92f8ae264aff31fc1d066deee4b831549526433f3f61"},
    {file = "coverage-7.4.1-cp310-cp310-manylinux_2_17_aarch64.manylinux2014_aarch64.whl", hash = "sha256:d17bbc946f52ca67adf72a5ee783cd7cd3477f8f8796f59b4974a9b59cacc9ee"},
    {file = "coverage-7.4.1-cp310-cp310-manylinux_2_5_i686.manylinux1_i686.manylinux_2_17_i686.manylinux2014_i686.whl", hash = "sha256:a3277f5fa7483c927fe3a7b017b39351610265308f5267ac6d4c2b64cc1d8d25"},
    {file = "coverage-7.4.1-cp310-cp310-manylinux_2_5_x86_64.manylinux1_x86_64.manylinux_2_17_x86_64.manylinux2014_x86_64.whl", hash = "sha256:6dceb61d40cbfcf45f51e59933c784a50846dc03211054bd76b421a713dcdf19"},
    {file = "coverage-7.4.1-cp310-cp310-musllinux_1_1_aarch64.whl", hash = "sha256:6008adeca04a445ea6ef31b2cbaf1d01d02986047606f7da266629afee982630"},
    {file = "coverage-7.4.1-cp310-cp310-musllinux_1_1_i686.whl", hash = "sha256:c61f66d93d712f6e03369b6a7769233bfda880b12f417eefdd4f16d1deb2fc4c"},
    {file = "coverage-7.4.1-cp310-cp310-musllinux_1_1_x86_64.whl", hash = "sha256:b9bb62fac84d5f2ff523304e59e5c439955fb3b7f44e3d7b2085184db74d733b"},
    {file = "coverage-7.4.1-cp310-cp310-win32.whl", hash = "sha256:f86f368e1c7ce897bf2457b9eb61169a44e2ef797099fb5728482b8d69f3f016"},
    {file = "coverage-7.4.1-cp310-cp310-win_amd64.whl", hash = "sha256:869b5046d41abfea3e381dd143407b0d29b8282a904a19cb908fa24d090cc018"},
    {file = "coverage-7.4.1-cp311-cp311-macosx_10_9_x86_64.whl", hash = "sha256:b8ffb498a83d7e0305968289441914154fb0ef5d8b3157df02a90c6695978295"},
    {file = "coverage-7.4.1-cp311-cp311-macosx_11_0_arm64.whl", hash = "sha256:3cacfaefe6089d477264001f90f55b7881ba615953414999c46cc9713ff93c8c"},
    {file = "coverage-7.4.1-cp311-cp311-manylinux_2_17_aarch64.manylinux2014_aarch64.whl", hash = "sha256:5d6850e6e36e332d5511a48a251790ddc545e16e8beaf046c03985c69ccb2676"},
    {file = "coverage-7.4.1-cp311-cp311-manylinux_2_5_i686.manylinux1_i686.manylinux_2_17_i686.manylinux2014_i686.whl", hash = "sha256:18e961aa13b6d47f758cc5879383d27b5b3f3dcd9ce8cdbfdc2571fe86feb4dd"},
    {file = "coverage-7.4.1-cp311-cp311-manylinux_2_5_x86_64.manylinux1_x86_64.manylinux_2_17_x86_64.manylinux2014_x86_64.whl", hash = "sha256:dfd1e1b9f0898817babf840b77ce9fe655ecbe8b1b327983df485b30df8cc011"},
    {file = "coverage-7.4.1-cp311-cp311-musllinux_1_1_aarch64.whl", hash = "sha256:6b00e21f86598b6330f0019b40fb397e705135040dbedc2ca9a93c7441178e74"},
    {file = "coverage-7.4.1-cp311-cp311-musllinux_1_1_i686.whl", hash = "sha256:536d609c6963c50055bab766d9951b6c394759190d03311f3e9fcf194ca909e1"},
    {file = "coverage-7.4.1-cp311-cp311-musllinux_1_1_x86_64.whl", hash = "sha256:7ac8f8eb153724f84885a1374999b7e45734bf93a87d8df1e7ce2146860edef6"},
    {file = "coverage-7.4.1-cp311-cp311-win32.whl", hash = "sha256:f3771b23bb3675a06f5d885c3630b1d01ea6cac9e84a01aaf5508706dba546c5"},
    {file = "coverage-7.4.1-cp311-cp311-win_amd64.whl", hash = "sha256:9d2f9d4cc2a53b38cabc2d6d80f7f9b7e3da26b2f53d48f05876fef7956b6968"},
    {file = "coverage-7.4.1-cp312-cp312-macosx_10_9_x86_64.whl", hash = "sha256:f68ef3660677e6624c8cace943e4765545f8191313a07288a53d3da188bd8581"},
    {file = "coverage-7.4.1-cp312-cp312-macosx_11_0_arm64.whl", hash = "sha256:23b27b8a698e749b61809fb637eb98ebf0e505710ec46a8aa6f1be7dc0dc43a6"},
    {file = "coverage-7.4.1-cp312-cp312-manylinux_2_17_aarch64.manylinux2014_aarch64.whl", hash = "sha256:3e3424c554391dc9ef4a92ad28665756566a28fecf47308f91841f6c49288e66"},
    {file = "coverage-7.4.1-cp312-cp312-manylinux_2_5_i686.manylinux1_i686.manylinux_2_17_i686.manylinux2014_i686.whl", hash = "sha256:e0860a348bf7004c812c8368d1fc7f77fe8e4c095d661a579196a9533778e156"},
    {file = "coverage-7.4.1-cp312-cp312-manylinux_2_5_x86_64.manylinux1_x86_64.manylinux_2_17_x86_64.manylinux2014_x86_64.whl", hash = "sha256:fe558371c1bdf3b8fa03e097c523fb9645b8730399c14fe7721ee9c9e2a545d3"},
    {file = "coverage-7.4.1-cp312-cp312-musllinux_1_1_aarch64.whl", hash = "sha256:3468cc8720402af37b6c6e7e2a9cdb9f6c16c728638a2ebc768ba1ef6f26c3a1"},
    {file = "coverage-7.4.1-cp312-cp312-musllinux_1_1_i686.whl", hash = "sha256:02f2edb575d62172aa28fe00efe821ae31f25dc3d589055b3fb64d51e52e4ab1"},
    {file = "coverage-7.4.1-cp312-cp312-musllinux_1_1_x86_64.whl", hash = "sha256:ca6e61dc52f601d1d224526360cdeab0d0712ec104a2ce6cc5ccef6ed9a233bc"},
    {file = "coverage-7.4.1-cp312-cp312-win32.whl", hash = "sha256:ca7b26a5e456a843b9b6683eada193fc1f65c761b3a473941efe5a291f604c74"},
    {file = "coverage-7.4.1-cp312-cp312-win_amd64.whl", hash = "sha256:85ccc5fa54c2ed64bd91ed3b4a627b9cce04646a659512a051fa82a92c04a448"},
    {file = "coverage-7.4.1-cp38-cp38-macosx_10_9_x86_64.whl", hash = "sha256:8bdb0285a0202888d19ec6b6d23d5990410decb932b709f2b0dfe216d031d218"},
    {file = "coverage-7.4.1-cp38-cp38-macosx_11_0_arm64.whl", hash = "sha256:918440dea04521f499721c039863ef95433314b1db00ff826a02580c1f503e45"},
    {file = "coverage-7.4.1-cp38-cp38-manylinux_2_17_aarch64.manylinux2014_aarch64.whl", hash = "sha256:379d4c7abad5afbe9d88cc31ea8ca262296480a86af945b08214eb1a556a3e4d"},
    {file = "coverage-7.4.1-cp38-cp38-manylinux_2_5_i686.manylinux1_i686.manylinux_2_17_i686.manylinux2014_i686.whl", hash = "sha256:b094116f0b6155e36a304ff912f89bbb5067157aff5f94060ff20bbabdc8da06"},
    {file = "coverage-7.4.1-cp38-cp38-manylinux_2_5_x86_64.manylinux1_x86_64.manylinux_2_17_x86_64.manylinux2014_x86_64.whl", hash = "sha256:f2f5968608b1fe2a1d00d01ad1017ee27efd99b3437e08b83ded9b7af3f6f766"},
    {file = "coverage-7.4.1-cp38-cp38-musllinux_1_1_aarch64.whl", hash = "sha256:10e88e7f41e6197ea0429ae18f21ff521d4f4490aa33048f6c6f94c6045a6a75"},
    {file = "coverage-7.4.1-cp38-cp38-musllinux_1_1_i686.whl", hash = "sha256:a4a3907011d39dbc3e37bdc5df0a8c93853c369039b59efa33a7b6669de04c60"},
    {file = "coverage-7.4.1-cp38-cp38-musllinux_1_1_x86_64.whl", hash = "sha256:6d224f0c4c9c98290a6990259073f496fcec1b5cc613eecbd22786d398ded3ad"},
    {file = "coverage-7.4.1-cp38-cp38-win32.whl", hash = "sha256:23f5881362dcb0e1a92b84b3c2809bdc90db892332daab81ad8f642d8ed55042"},
    {file = "coverage-7.4.1-cp38-cp38-win_amd64.whl", hash = "sha256:a07f61fc452c43cd5328b392e52555f7d1952400a1ad09086c4a8addccbd138d"},
    {file = "coverage-7.4.1-cp39-cp39-macosx_10_9_x86_64.whl", hash = "sha256:8e738a492b6221f8dcf281b67129510835461132b03024830ac0e554311a5c54"},
    {file = "coverage-7.4.1-cp39-cp39-macosx_11_0_arm64.whl", hash = "sha256:46342fed0fff72efcda77040b14728049200cbba1279e0bf1188f1f2078c1d70"},
    {file = "coverage-7.4.1-cp39-cp39-manylinux_2_17_aarch64.manylinux2014_aarch64.whl", hash = "sha256:9641e21670c68c7e57d2053ddf6c443e4f0a6e18e547e86af3fad0795414a628"},
    {file = "coverage-7.4.1-cp39-cp39-manylinux_2_5_i686.manylinux1_i686.manylinux_2_17_i686.manylinux2014_i686.whl", hash = "sha256:aeb2c2688ed93b027eb0d26aa188ada34acb22dceea256d76390eea135083950"},
    {file = "coverage-7.4.1-cp39-cp39-manylinux_2_5_x86_64.manylinux1_x86_64.manylinux_2_17_x86_64.manylinux2014_x86_64.whl", hash = "sha256:d12c923757de24e4e2110cf8832d83a886a4cf215c6e61ed506006872b43a6d1"},
    {file = "coverage-7.4.1-cp39-cp39-musllinux_1_1_aarch64.whl", hash = "sha256:0491275c3b9971cdbd28a4595c2cb5838f08036bca31765bad5e17edf900b2c7"},
    {file = "coverage-7.4.1-cp39-cp39-musllinux_1_1_i686.whl", hash = "sha256:8dfc5e195bbef80aabd81596ef52a1277ee7143fe419efc3c4d8ba2754671756"},
    {file = "coverage-7.4.1-cp39-cp39-musllinux_1_1_x86_64.whl", hash = "sha256:1a78b656a4d12b0490ca72651fe4d9f5e07e3c6461063a9b6265ee45eb2bdd35"},
    {file = "coverage-7.4.1-cp39-cp39-win32.whl", hash = "sha256:f90515974b39f4dea2f27c0959688621b46d96d5a626cf9c53dbc653a895c05c"},
    {file = "coverage-7.4.1-cp39-cp39-win_amd64.whl", hash = "sha256:64e723ca82a84053dd7bfcc986bdb34af8d9da83c521c19d6b472bc6880e191a"},
    {file = "coverage-7.4.1-pp38.pp39.pp310-none-any.whl", hash = "sha256:32a8d985462e37cfdab611a6f95b09d7c091d07668fdc26e47a725ee575fe166"},
    {file = "coverage-7.4.1.tar.gz", hash = "sha256:1ed4b95480952b1a26d863e546fa5094564aa0065e1e5f0d4d0041f293251d04"},
]

[package.extras]
toml = ["tomli"]

[[package]]
name = "fastapi"
version = "0.109.2"
description = "FastAPI framework, high performance, easy to learn, fast to code, ready for production"
optional = false
python-versions = ">=3.8"
files = [
    {file = "fastapi-0.109.2-py3-none-any.whl", hash = "sha256:2c9bab24667293b501cad8dd388c05240c850b58ec5876ee3283c47d6e1e3a4d"},
    {file = "fastapi-0.109.2.tar.gz", hash = "sha256:f3817eac96fe4f65a2ebb4baa000f394e55f5fccdaf7f75250804bc58f354f73"},
]

[package.dependencies]
pydantic = ">=1.7.4,<1.8 || >1.8,<1.8.1 || >1.8.1,<2.0.0 || >2.0.0,<2.0.1 || >2.0.1,<2.1.0 || >2.1.0,<3.0.0"
starlette = ">=0.36.3,<0.37.0"
typing-extensions = ">=4.8.0"

[package.extras]
all = ["email-validator (>=2.0.0)", "httpx (>=0.23.0)", "itsdangerous (>=1.1.0)", "jinja2 (>=2.11.2)", "orjson (>=3.2.1)", "pydantic-extra-types (>=2.0.0)", "pydantic-settings (>=2.0.0)", "python-multipart (>=0.0.7)", "pyyaml (>=5.3.1)", "ujson (>=4.0.1,!=4.0.2,!=4.1.0,!=4.2.0,!=4.3.0,!=5.0.0,!=5.1.0)", "uvicorn[standard] (>=0.12.0)"]

[[package]]
name = "flake8"
version = "4.0.1"
description = "the modular source code checker: pep8 pyflakes and co"
optional = false
python-versions = ">=3.6"
files = [
    {file = "flake8-4.0.1-py2.py3-none-any.whl", hash = "sha256:479b1304f72536a55948cb40a32dce8bb0ffe3501e26eaf292c7e60eb5e0428d"},
    {file = "flake8-4.0.1.tar.gz", hash = "sha256:806e034dda44114815e23c16ef92f95c91e4c71100ff52813adf7132a6ad870d"},
]

[package.dependencies]
mccabe = ">=0.6.0,<0.7.0"
pycodestyle = ">=2.8.0,<2.9.0"
pyflakes = ">=2.4.0,<2.5.0"

[[package]]
name = "h11"
version = "0.14.0"
description = "A pure-Python, bring-your-own-I/O implementation of HTTP/1.1"
optional = false
python-versions = ">=3.7"
files = [
    {file = "h11-0.14.0-py3-none-any.whl", hash = "sha256:e3fe4ac4b851c468cc8363d500db52c2ead036020723024a109d37346efaa761"},
    {file = "h11-0.14.0.tar.gz", hash = "sha256:8f19fbbe99e72420ff35c00b27a34cb9937e902a8b810e2c88300c6f0a3b699d"},
]

[[package]]
name = "httpcore"
version = "1.0.2"
description = "A minimal low-level HTTP client."
optional = false
python-versions = ">=3.8"
files = [
    {file = "httpcore-1.0.2-py3-none-any.whl", hash = "sha256:096cc05bca73b8e459a1fc3dcf585148f63e534eae4339559c9b8a8d6399acc7"},
    {file = "httpcore-1.0.2.tar.gz", hash = "sha256:9fc092e4799b26174648e54b74ed5f683132a464e95643b226e00c2ed2fa6535"},
]

[package.dependencies]
certifi = "*"
h11 = ">=0.13,<0.15"

[package.extras]
asyncio = ["anyio (>=4.0,<5.0)"]
http2 = ["h2 (>=3,<5)"]
socks = ["socksio (==1.*)"]
trio = ["trio (>=0.22.0,<0.23.0)"]

[[package]]
name = "httpx"
version = "0.26.0"
description = "The next generation HTTP client."
optional = false
python-versions = ">=3.8"
files = [
    {file = "httpx-0.26.0-py3-none-any.whl", hash = "sha256:8915f5a3627c4d47b73e8202457cb28f1266982d1159bd5779d86a80c0eab1cd"},
    {file = "httpx-0.26.0.tar.gz", hash = "sha256:451b55c30d5185ea6b23c2c793abf9bb237d2a7dfb901ced6ff69ad37ec1dfaf"},
]

[package.dependencies]
anyio = "*"
certifi = "*"
httpcore = "==1.*"
idna = "*"
sniffio = "*"

[package.extras]
brotli = ["brotli", "brotlicffi"]
cli = ["click (==8.*)", "pygments (==2.*)", "rich (>=10,<14)"]
http2 = ["h2 (>=3,<5)"]
socks = ["socksio (==1.*)"]

[[package]]
name = "idna"
version = "3.6"
description = "Internationalized Domain Names in Applications (IDNA)"
optional = false
python-versions = ">=3.5"
files = [
    {file = "idna-3.6-py3-none-any.whl", hash = "sha256:c05567e9c24a6b9faaa835c4821bad0590fbb9d5779e7caa6e1cc4978e7eb24f"},
    {file = "idna-3.6.tar.gz", hash = "sha256:9ecdbbd083b06798ae1e86adcbfe8ab1479cf864e4ee30fe4e46a003d12491ca"},
]

[[package]]
name = "iniconfig"
version = "2.0.0"
description = "brain-dead simple config-ini parsing"
optional = false
python-versions = ">=3.7"
files = [
    {file = "iniconfig-2.0.0-py3-none-any.whl", hash = "sha256:b6a85871a79d2e3b22d2d1b94ac2824226a63c6b741c88f7ae975f18b6778374"},
    {file = "iniconfig-2.0.0.tar.gz", hash = "sha256:2d91e135bf72d31a410b17c16da610a82cb55f6b0477d1a902134b24a455b8b3"},
]

[[package]]
name = "isort"
version = "5.13.2"
description = "A Python utility / library to sort Python imports."
optional = false
python-versions = ">=3.8.0"
files = [
    {file = "isort-5.13.2-py3-none-any.whl", hash = "sha256:8ca5e72a8d85860d5a3fa69b8745237f2939afe12dbf656afbcb47fe72d947a6"},
    {file = "isort-5.13.2.tar.gz", hash = "sha256:48fdfcb9face5d58a4f6dde2e72a1fb8dcaf8ab26f95ab49fab84c2ddefb0109"},
]

[package.extras]
colors = ["colorama (>=0.4.6)"]

[[package]]
name = "mccabe"
version = "0.6.1"
description = "McCabe checker, plugin for flake8"
optional = false
python-versions = "*"
files = [
    {file = "mccabe-0.6.1-py2.py3-none-any.whl", hash = "sha256:ab8a6258860da4b6677da4bd2fe5dc2c659cff31b3ee4f7f5d64e79735b80d42"},
    {file = "mccabe-0.6.1.tar.gz", hash = "sha256:dd8d182285a0fe56bace7f45b5e7d1a6ebcbf524e8f3bd87eb0f125271b8831f"},
]

[[package]]
name = "mslex"
version = "1.1.0"
description = "shlex for windows"
optional = false
python-versions = ">=3.5"
files = [
    {file = "mslex-1.1.0-py2.py3-none-any.whl", hash = "sha256:8826f4bb8d8c63402203d921dc8c2df0c7fec0d9c91d020ddf02fc9d0dce81bd"},
    {file = "mslex-1.1.0.tar.gz", hash = "sha256:7fe305fbdc9721283875e0b737fdb344374b761338a7f41af91875de278568e4"},
]

[[package]]
name = "mypy-extensions"
version = "1.0.0"
description = "Type system extensions for programs checked with the mypy type checker."
optional = false
python-versions = ">=3.5"
files = [
    {file = "mypy_extensions-1.0.0-py3-none-any.whl", hash = "sha256:4392f6c0eb8a5668a69e23d168ffa70f0be9ccfd32b5cc2d26a34ae5b844552d"},
    {file = "mypy_extensions-1.0.0.tar.gz", hash = "sha256:75dbf8955dc00442a438fc4d0666508a9a97b6bd41aa2f0ffe9d2f2725af0782"},
]

[[package]]
name = "packaging"
version = "23.2"
description = "Core utilities for Python packages"
optional = false
python-versions = ">=3.7"
files = [
    {file = "packaging-23.2-py3-none-any.whl", hash = "sha256:8c491190033a9af7e1d931d0b5dacc2ef47509b34dd0de67ed209b5203fc88c7"},
    {file = "packaging-23.2.tar.gz", hash = "sha256:048fb0e9405036518eaaf48a55953c750c11e1a1b68e0dd1a9d62ed0c092cfc5"},
]

[[package]]
name = "pathspec"
version = "0.12.1"
description = "Utility library for gitignore style pattern matching of file paths."
optional = false
python-versions = ">=3.8"
files = [
    {file = "pathspec-0.12.1-py3-none-any.whl", hash = "sha256:a0d503e138a4c123b27490a4f7beda6a01c6f288df0e4a8b79c7eb0dc7b4cc08"},
    {file = "pathspec-0.12.1.tar.gz", hash = "sha256:a482d51503a1ab33b1c67a6c3813a26953dbdc71c31dacaef9a838c4e29f5712"},
]

[[package]]
name = "platformdirs"
version = "4.2.0"
description = "A small Python package for determining appropriate platform-specific dirs, e.g. a \"user data dir\"."
optional = false
python-versions = ">=3.8"
files = [
    {file = "platformdirs-4.2.0-py3-none-any.whl", hash = "sha256:0614df2a2f37e1a662acbd8e2b25b92ccf8632929bc6d43467e17fe89c75e068"},
    {file = "platformdirs-4.2.0.tar.gz", hash = "sha256:ef0cc731df711022c174543cb70a9b5bd22e5a9337c8624ef2c2ceb8ddad8768"},
]

[package.extras]
docs = ["furo (>=2023.9.10)", "proselint (>=0.13)", "sphinx (>=7.2.6)", "sphinx-autodoc-typehints (>=1.25.2)"]
test = ["appdirs (==1.4.4)", "covdefaults (>=2.3)", "pytest (>=7.4.3)", "pytest-cov (>=4.1)", "pytest-mock (>=3.12)"]

[[package]]
name = "pluggy"
version = "1.4.0"
description = "plugin and hook calling mechanisms for python"
optional = false
python-versions = ">=3.8"
files = [
    {file = "pluggy-1.4.0-py3-none-any.whl", hash = "sha256:7db9f7b503d67d1c5b95f59773ebb58a8c1c288129a88665838012cfb07b8981"},
    {file = "pluggy-1.4.0.tar.gz", hash = "sha256:8c85c2876142a764e5b7548e7d9a0e0ddb46f5185161049a79b7e974454223be"},
]

[package.extras]
dev = ["pre-commit", "tox"]
testing = ["pytest", "pytest-benchmark"]

[[package]]
name = "psutil"
version = "5.9.8"
description = "Cross-platform lib for process and system monitoring in Python."
optional = false
python-versions = ">=2.7, !=3.0.*, !=3.1.*, !=3.2.*, !=3.3.*, !=3.4.*, !=3.5.*"
files = [
    {file = "psutil-5.9.8-cp27-cp27m-macosx_10_9_x86_64.whl", hash = "sha256:26bd09967ae00920df88e0352a91cff1a78f8d69b3ecabbfe733610c0af486c8"},
    {file = "psutil-5.9.8-cp27-cp27m-manylinux2010_i686.whl", hash = "sha256:05806de88103b25903dff19bb6692bd2e714ccf9e668d050d144012055cbca73"},
    {file = "psutil-5.9.8-cp27-cp27m-manylinux2010_x86_64.whl", hash = "sha256:611052c4bc70432ec770d5d54f64206aa7203a101ec273a0cd82418c86503bb7"},
    {file = "psutil-5.9.8-cp27-cp27mu-manylinux2010_i686.whl", hash = "sha256:50187900d73c1381ba1454cf40308c2bf6f34268518b3f36a9b663ca87e65e36"},
    {file = "psutil-5.9.8-cp27-cp27mu-manylinux2010_x86_64.whl", hash = "sha256:02615ed8c5ea222323408ceba16c60e99c3f91639b07da6373fb7e6539abc56d"},
    {file = "psutil-5.9.8-cp27-none-win32.whl", hash = "sha256:36f435891adb138ed3c9e58c6af3e2e6ca9ac2f365efe1f9cfef2794e6c93b4e"},
    {file = "psutil-5.9.8-cp27-none-win_amd64.whl", hash = "sha256:bd1184ceb3f87651a67b2708d4c3338e9b10c5df903f2e3776b62303b26cb631"},
    {file = "psutil-5.9.8-cp36-abi3-macosx_10_9_x86_64.whl", hash = "sha256:aee678c8720623dc456fa20659af736241f575d79429a0e5e9cf88ae0605cc81"},
    {file = "psutil-5.9.8-cp36-abi3-manylinux_2_12_i686.manylinux2010_i686.manylinux_2_17_i686.manylinux2014_i686.whl", hash = "sha256:8cb6403ce6d8e047495a701dc7c5bd788add903f8986d523e3e20b98b733e421"},
    {file = "psutil-5.9.8-cp36-abi3-manylinux_2_12_x86_64.manylinux2010_x86_64.manylinux_2_17_x86_64.manylinux2014_x86_64.whl", hash = "sha256:d06016f7f8625a1825ba3732081d77c94589dca78b7a3fc072194851e88461a4"},
    {file = "psutil-5.9.8-cp36-cp36m-win32.whl", hash = "sha256:7d79560ad97af658a0f6adfef8b834b53f64746d45b403f225b85c5c2c140eee"},
    {file = "psutil-5.9.8-cp36-cp36m-win_amd64.whl", hash = "sha256:27cc40c3493bb10de1be4b3f07cae4c010ce715290a5be22b98493509c6299e2"},
    {file = "psutil-5.9.8-cp37-abi3-win32.whl", hash = "sha256:bc56c2a1b0d15aa3eaa5a60c9f3f8e3e565303b465dbf57a1b730e7a2b9844e0"},
    {file = "psutil-5.9.8-cp37-abi3-win_amd64.whl", hash = "sha256:8db4c1b57507eef143a15a6884ca10f7c73876cdf5d51e713151c1236a0e68cf"},
    {file = "psutil-5.9.8-cp38-abi3-macosx_11_0_arm64.whl", hash = "sha256:d16bbddf0693323b8c6123dd804100241da461e41d6e332fb0ba6058f630f8c8"},
    {file = "psutil-5.9.8.tar.gz", hash = "sha256:6be126e3225486dff286a8fb9a06246a5253f4c7c53b475ea5f5ac934e64194c"},
]

[package.extras]
test = ["enum34", "ipaddress", "mock", "pywin32", "wmi"]

[[package]]
name = "pycodestyle"
version = "2.8.0"
description = "Python style guide checker"
optional = false
python-versions = ">=2.7, !=3.0.*, !=3.1.*, !=3.2.*, !=3.3.*, !=3.4.*"
files = [
    {file = "pycodestyle-2.8.0-py2.py3-none-any.whl", hash = "sha256:720f8b39dde8b293825e7ff02c475f3077124006db4f440dcbc9a20b76548a20"},
    {file = "pycodestyle-2.8.0.tar.gz", hash = "sha256:eddd5847ef438ea1c7870ca7eb78a9d47ce0cdb4851a5523949f2601d0cbbe7f"},
]

[[package]]
name = "pydantic"
version = "2.6.1"
description = "Data validation using Python type hints"
optional = false
python-versions = ">=3.8"
files = [
    {file = "pydantic-2.6.1-py3-none-any.whl", hash = "sha256:0b6a909df3192245cb736509a92ff69e4fef76116feffec68e93a567347bae6f"},
    {file = "pydantic-2.6.1.tar.gz", hash = "sha256:4fd5c182a2488dc63e6d32737ff19937888001e2a6d86e94b3f233104a5d1fa9"},
]

[package.dependencies]
annotated-types = ">=0.4.0"
pydantic-core = "2.16.2"
typing-extensions = ">=4.6.1"

[package.extras]
email = ["email-validator (>=2.0.0)"]

[[package]]
name = "pydantic-core"
version = "2.16.2"
description = ""
optional = false
python-versions = ">=3.8"
files = [
    {file = "pydantic_core-2.16.2-cp310-cp310-macosx_10_12_x86_64.whl", hash = "sha256:3fab4e75b8c525a4776e7630b9ee48aea50107fea6ca9f593c98da3f4d11bf7c"},
    {file = "pydantic_core-2.16.2-cp310-cp310-macosx_11_0_arm64.whl", hash = "sha256:8bde5b48c65b8e807409e6f20baee5d2cd880e0fad00b1a811ebc43e39a00ab2"},
    {file = "pydantic_core-2.16.2-cp310-cp310-manylinux_2_17_aarch64.manylinux2014_aarch64.whl", hash = "sha256:2924b89b16420712e9bb8192396026a8fbd6d8726224f918353ac19c4c043d2a"},
    {file = "pydantic_core-2.16.2-cp310-cp310-manylinux_2_17_armv7l.manylinux2014_armv7l.whl", hash = "sha256:16aa02e7a0f539098e215fc193c8926c897175d64c7926d00a36188917717a05"},
    {file = "pydantic_core-2.16.2-cp310-cp310-manylinux_2_17_ppc64le.manylinux2014_ppc64le.whl", hash = "sha256:936a787f83db1f2115ee829dd615c4f684ee48ac4de5779ab4300994d8af325b"},
    {file = "pydantic_core-2.16.2-cp310-cp310-manylinux_2_17_s390x.manylinux2014_s390x.whl", hash = "sha256:459d6be6134ce3b38e0ef76f8a672924460c455d45f1ad8fdade36796df1ddc8"},
    {file = "pydantic_core-2.16.2-cp310-cp310-manylinux_2_17_x86_64.manylinux2014_x86_64.whl", hash = "sha256:4f9ee4febb249c591d07b2d4dd36ebcad0ccd128962aaa1801508320896575ef"},
    {file = "pydantic_core-2.16.2-cp310-cp310-manylinux_2_5_i686.manylinux1_i686.whl", hash = "sha256:40a0bd0bed96dae5712dab2aba7d334a6c67cbcac2ddfca7dbcc4a8176445990"},
    {file = "pydantic_core-2.16.2-cp310-cp310-musllinux_1_1_aarch64.whl", hash = "sha256:870dbfa94de9b8866b37b867a2cb37a60c401d9deb4a9ea392abf11a1f98037b"},
    {file = "pydantic_core-2.16.2-cp310-cp310-musllinux_1_1_x86_64.whl", hash = "sha256:308974fdf98046db28440eb3377abba274808bf66262e042c412eb2adf852731"},
    {file = "pydantic_core-2.16.2-cp310-none-win32.whl", hash = "sha256:a477932664d9611d7a0816cc3c0eb1f8856f8a42435488280dfbf4395e141485"},
    {file = "pydantic_core-2.16.2-cp310-none-win_amd64.whl", hash = "sha256:8f9142a6ed83d90c94a3efd7af8873bf7cefed2d3d44387bf848888482e2d25f"},
    {file = "pydantic_core-2.16.2-cp311-cp311-macosx_10_12_x86_64.whl", hash = "sha256:406fac1d09edc613020ce9cf3f2ccf1a1b2f57ab00552b4c18e3d5276c67eb11"},
    {file = "pydantic_core-2.16.2-cp311-cp311-macosx_11_0_arm64.whl", hash = "sha256:ce232a6170dd6532096cadbf6185271e4e8c70fc9217ebe105923ac105da9978"},
    {file = "pydantic_core-2.16.2-cp311-cp311-manylinux_2_17_aarch64.manylinux2014_aarch64.whl", hash = "sha256:a90fec23b4b05a09ad988e7a4f4e081711a90eb2a55b9c984d8b74597599180f"},
    {file = "pydantic_core-2.16.2-cp311-cp311-manylinux_2_17_armv7l.manylinux2014_armv7l.whl", hash = "sha256:8aafeedb6597a163a9c9727d8a8bd363a93277701b7bfd2749fbefee2396469e"},
    {file = "pydantic_core-2.16.2-cp311-cp311-manylinux_2_17_ppc64le.manylinux2014_ppc64le.whl", hash = "sha256:9957433c3a1b67bdd4c63717eaf174ebb749510d5ea612cd4e83f2d9142f3fc8"},
    {file = "pydantic_core-2.16.2-cp311-cp311-manylinux_2_17_s390x.manylinux2014_s390x.whl", hash = "sha256:b0d7a9165167269758145756db43a133608a531b1e5bb6a626b9ee24bc38a8f7"},
    {file = "pydantic_core-2.16.2-cp311-cp311-manylinux_2_17_x86_64.manylinux2014_x86_64.whl", hash = "sha256:dffaf740fe2e147fedcb6b561353a16243e654f7fe8e701b1b9db148242e1272"},
    {file = "pydantic_core-2.16.2-cp311-cp311-manylinux_2_5_i686.manylinux1_i686.whl", hash = "sha256:f8ed79883b4328b7f0bd142733d99c8e6b22703e908ec63d930b06be3a0e7113"},
    {file = "pydantic_core-2.16.2-cp311-cp311-musllinux_1_1_aarch64.whl", hash = "sha256:cf903310a34e14651c9de056fcc12ce090560864d5a2bb0174b971685684e1d8"},
    {file = "pydantic_core-2.16.2-cp311-cp311-musllinux_1_1_x86_64.whl", hash = "sha256:46b0d5520dbcafea9a8645a8164658777686c5c524d381d983317d29687cce97"},
    {file = "pydantic_core-2.16.2-cp311-none-win32.whl", hash = "sha256:70651ff6e663428cea902dac297066d5c6e5423fda345a4ca62430575364d62b"},
    {file = "pydantic_core-2.16.2-cp311-none-win_amd64.whl", hash = "sha256:98dc6f4f2095fc7ad277782a7c2c88296badcad92316b5a6e530930b1d475ebc"},
    {file = "pydantic_core-2.16.2-cp311-none-win_arm64.whl", hash = "sha256:ef6113cd31411eaf9b39fc5a8848e71c72656fd418882488598758b2c8c6dfa0"},
    {file = "pydantic_core-2.16.2-cp312-cp312-macosx_10_12_x86_64.whl", hash = "sha256:88646cae28eb1dd5cd1e09605680c2b043b64d7481cdad7f5003ebef401a3039"},
    {file = "pydantic_core-2.16.2-cp312-cp312-macosx_11_0_arm64.whl", hash = "sha256:7b883af50eaa6bb3299780651e5be921e88050ccf00e3e583b1e92020333304b"},
    {file = "pydantic_core-2.16.2-cp312-cp312-manylinux_2_17_aarch64.manylinux2014_aarch64.whl", hash = "sha256:7bf26c2e2ea59d32807081ad51968133af3025c4ba5753e6a794683d2c91bf6e"},
    {file = "pydantic_core-2.16.2-cp312-cp312-manylinux_2_17_armv7l.manylinux2014_armv7l.whl", hash = "sha256:99af961d72ac731aae2a1b55ccbdae0733d816f8bfb97b41909e143de735f522"},
    {file = "pydantic_core-2.16.2-cp312-cp312-manylinux_2_17_ppc64le.manylinux2014_ppc64le.whl", hash = "sha256:02906e7306cb8c5901a1feb61f9ab5e5c690dbbeaa04d84c1b9ae2a01ebe9379"},
    {file = "pydantic_core-2.16.2-cp312-cp312-manylinux_2_17_s390x.manylinux2014_s390x.whl", hash = "sha256:d5362d099c244a2d2f9659fb3c9db7c735f0004765bbe06b99be69fbd87c3f15"},
    {file = "pydantic_core-2.16.2-cp312-cp312-manylinux_2_17_x86_64.manylinux2014_x86_64.whl", hash = "sha256:3ac426704840877a285d03a445e162eb258924f014e2f074e209d9b4ff7bf380"},
    {file = "pydantic_core-2.16.2-cp312-cp312-manylinux_2_5_i686.manylinux1_i686.whl", hash = "sha256:b94cbda27267423411c928208e89adddf2ea5dd5f74b9528513f0358bba019cb"},
    {file = "pydantic_core-2.16.2-cp312-cp312-musllinux_1_1_aarch64.whl", hash = "sha256:6db58c22ac6c81aeac33912fb1af0e930bc9774166cdd56eade913d5f2fff35e"},
    {file = "pydantic_core-2.16.2-cp312-cp312-musllinux_1_1_x86_64.whl", hash = "sha256:396fdf88b1b503c9c59c84a08b6833ec0c3b5ad1a83230252a9e17b7dfb4cffc"},
    {file = "pydantic_core-2.16.2-cp312-none-win32.whl", hash = "sha256:7c31669e0c8cc68400ef0c730c3a1e11317ba76b892deeefaf52dcb41d56ed5d"},
    {file = "pydantic_core-2.16.2-cp312-none-win_amd64.whl", hash = "sha256:a3b7352b48fbc8b446b75f3069124e87f599d25afb8baa96a550256c031bb890"},
    {file = "pydantic_core-2.16.2-cp312-none-win_arm64.whl", hash = "sha256:a9e523474998fb33f7c1a4d55f5504c908d57add624599e095c20fa575b8d943"},
    {file = "pydantic_core-2.16.2-cp38-cp38-macosx_10_12_x86_64.whl", hash = "sha256:ae34418b6b389d601b31153b84dce480351a352e0bb763684a1b993d6be30f17"},
    {file = "pydantic_core-2.16.2-cp38-cp38-macosx_11_0_arm64.whl", hash = "sha256:732bd062c9e5d9582a30e8751461c1917dd1ccbdd6cafb032f02c86b20d2e7ec"},
    {file = "pydantic_core-2.16.2-cp38-cp38-manylinux_2_17_aarch64.manylinux2014_aarch64.whl", hash = "sha256:e4b52776a2e3230f4854907a1e0946eec04d41b1fc64069ee774876bbe0eab55"},
    {file = "pydantic_core-2.16.2-cp38-cp38-manylinux_2_17_armv7l.manylinux2014_armv7l.whl", hash = "sha256:ef551c053692b1e39e3f7950ce2296536728871110e7d75c4e7753fb30ca87f4"},
    {file = "pydantic_core-2.16.2-cp38-cp38-manylinux_2_17_ppc64le.manylinux2014_ppc64le.whl", hash = "sha256:ebb892ed8599b23fa8f1799e13a12c87a97a6c9d0f497525ce9858564c4575a4"},
    {file = "pydantic_core-2.16.2-cp38-cp38-manylinux_2_17_s390x.manylinux2014_s390x.whl", hash = "sha256:aa6c8c582036275997a733427b88031a32ffa5dfc3124dc25a730658c47a572f"},
    {file = "pydantic_core-2.16.2-cp38-cp38-manylinux_2_17_x86_64.manylinux2014_x86_64.whl", hash = "sha256:e4ba0884a91f1aecce75202473ab138724aa4fb26d7707f2e1fa6c3e68c84fbf"},
    {file = "pydantic_core-2.16.2-cp38-cp38-manylinux_2_5_i686.manylinux1_i686.whl", hash = "sha256:7924e54f7ce5d253d6160090ddc6df25ed2feea25bfb3339b424a9dd591688bc"},
    {file = "pydantic_core-2.16.2-cp38-cp38-musllinux_1_1_aarch64.whl", hash = "sha256:69a7b96b59322a81c2203be537957313b07dd333105b73db0b69212c7d867b4b"},
    {file = "pydantic_core-2.16.2-cp38-cp38-musllinux_1_1_x86_64.whl", hash = "sha256:7e6231aa5bdacda78e96ad7b07d0c312f34ba35d717115f4b4bff6cb87224f0f"},
    {file = "pydantic_core-2.16.2-cp38-none-win32.whl", hash = "sha256:41dac3b9fce187a25c6253ec79a3f9e2a7e761eb08690e90415069ea4a68ff7a"},
    {file = "pydantic_core-2.16.2-cp38-none-win_amd64.whl", hash = "sha256:f685dbc1fdadb1dcd5b5e51e0a378d4685a891b2ddaf8e2bba89bd3a7144e44a"},
    {file = "pydantic_core-2.16.2-cp39-cp39-macosx_10_12_x86_64.whl", hash = "sha256:55749f745ebf154c0d63d46c8c58594d8894b161928aa41adbb0709c1fe78b77"},
    {file = "pydantic_core-2.16.2-cp39-cp39-macosx_11_0_arm64.whl", hash = "sha256:b30b0dd58a4509c3bd7eefddf6338565c4905406aee0c6e4a5293841411a1286"},
    {file = "pydantic_core-2.16.2-cp39-cp39-manylinux_2_17_aarch64.manylinux2014_aarch64.whl", hash = "sha256:18de31781cdc7e7b28678df7c2d7882f9692ad060bc6ee3c94eb15a5d733f8f7"},
    {file = "pydantic_core-2.16.2-cp39-cp39-manylinux_2_17_armv7l.manylinux2014_armv7l.whl", hash = "sha256:5864b0242f74b9dd0b78fd39db1768bc3f00d1ffc14e596fd3e3f2ce43436a33"},
    {file = "pydantic_core-2.16.2-cp39-cp39-manylinux_2_17_ppc64le.manylinux2014_ppc64le.whl", hash = "sha256:b8f9186ca45aee030dc8234118b9c0784ad91a0bb27fc4e7d9d6608a5e3d386c"},
    {file = "pydantic_core-2.16.2-cp39-cp39-manylinux_2_17_s390x.manylinux2014_s390x.whl", hash = "sha256:cc6f6c9be0ab6da37bc77c2dda5f14b1d532d5dbef00311ee6e13357a418e646"},
    {file = "pydantic_core-2.16.2-cp39-cp39-manylinux_2_17_x86_64.manylinux2014_x86_64.whl", hash = "sha256:aa057095f621dad24a1e906747179a69780ef45cc8f69e97463692adbcdae878"},
    {file = "pydantic_core-2.16.2-cp39-cp39-manylinux_2_5_i686.manylinux1_i686.whl", hash = "sha256:6ad84731a26bcfb299f9eab56c7932d46f9cad51c52768cace09e92a19e4cf55"},
    {file = "pydantic_core-2.16.2-cp39-cp39-musllinux_1_1_aarch64.whl", hash = "sha256:3b052c753c4babf2d1edc034c97851f867c87d6f3ea63a12e2700f159f5c41c3"},
    {file = "pydantic_core-2.16.2-cp39-cp39-musllinux_1_1_x86_64.whl", hash = "sha256:e0f686549e32ccdb02ae6f25eee40cc33900910085de6aa3790effd391ae10c2"},
    {file = "pydantic_core-2.16.2-cp39-none-win32.whl", hash = "sha256:7afb844041e707ac9ad9acad2188a90bffce2c770e6dc2318be0c9916aef1469"},
    {file = "pydantic_core-2.16.2-cp39-none-win_amd64.whl", hash = "sha256:9da90d393a8227d717c19f5397688a38635afec89f2e2d7af0df037f3249c39a"},
    {file = "pydantic_core-2.16.2-pp310-pypy310_pp73-macosx_10_12_x86_64.whl", hash = "sha256:5f60f920691a620b03082692c378661947d09415743e437a7478c309eb0e4f82"},
    {file = "pydantic_core-2.16.2-pp310-pypy310_pp73-macosx_11_0_arm64.whl", hash = "sha256:47924039e785a04d4a4fa49455e51b4eb3422d6eaacfde9fc9abf8fdef164e8a"},
    {file = "pydantic_core-2.16.2-pp310-pypy310_pp73-manylinux_2_17_aarch64.manylinux2014_aarch64.whl", hash = "sha256:e6294e76b0380bb7a61eb8a39273c40b20beb35e8c87ee101062834ced19c545"},
    {file = "pydantic_core-2.16.2-pp310-pypy310_pp73-manylinux_2_17_x86_64.manylinux2014_x86_64.whl", hash = "sha256:fe56851c3f1d6f5384b3051c536cc81b3a93a73faf931f404fef95217cf1e10d"},
    {file = "pydantic_core-2.16.2-pp310-pypy310_pp73-manylinux_2_5_i686.manylinux1_i686.whl", hash = "sha256:9d776d30cde7e541b8180103c3f294ef7c1862fd45d81738d156d00551005784"},
    {file = "pydantic_core-2.16.2-pp310-pypy310_pp73-musllinux_1_1_aarch64.whl", hash = "sha256:72f7919af5de5ecfaf1eba47bf9a5d8aa089a3340277276e5636d16ee97614d7"},
    {file = "pydantic_core-2.16.2-pp310-pypy310_pp73-musllinux_1_1_x86_64.whl", hash = "sha256:4bfcbde6e06c56b30668a0c872d75a7ef3025dc3c1823a13cf29a0e9b33f67e8"},
    {file = "pydantic_core-2.16.2-pp310-pypy310_pp73-win_amd64.whl", hash = "sha256:ff7c97eb7a29aba230389a2661edf2e9e06ce616c7e35aa764879b6894a44b25"},
    {file = "pydantic_core-2.16.2-pp39-pypy39_pp73-macosx_10_12_x86_64.whl", hash = "sha256:9b5f13857da99325dcabe1cc4e9e6a3d7b2e2c726248ba5dd4be3e8e4a0b6d0e"},
    {file = "pydantic_core-2.16.2-pp39-pypy39_pp73-macosx_11_0_arm64.whl", hash = "sha256:a7e41e3ada4cca5f22b478c08e973c930e5e6c7ba3588fb8e35f2398cdcc1545"},
    {file = "pydantic_core-2.16.2-pp39-pypy39_pp73-manylinux_2_17_aarch64.manylinux2014_aarch64.whl", hash = "sha256:60eb8ceaa40a41540b9acae6ae7c1f0a67d233c40dc4359c256ad2ad85bdf5e5"},
    {file = "pydantic_core-2.16.2-pp39-pypy39_pp73-manylinux_2_17_x86_64.manylinux2014_x86_64.whl", hash = "sha256:7beec26729d496a12fd23cf8da9944ee338c8b8a17035a560b585c36fe81af20"},
    {file = "pydantic_core-2.16.2-pp39-pypy39_pp73-manylinux_2_5_i686.manylinux1_i686.whl", hash = "sha256:22c5f022799f3cd6741e24f0443ead92ef42be93ffda0d29b2597208c94c3753"},
    {file = "pydantic_core-2.16.2-pp39-pypy39_pp73-musllinux_1_1_aarch64.whl", hash = "sha256:eca58e319f4fd6df004762419612122b2c7e7d95ffafc37e890252f869f3fb2a"},
    {file = "pydantic_core-2.16.2-pp39-pypy39_pp73-musllinux_1_1_x86_64.whl", hash = "sha256:ed957db4c33bc99895f3a1672eca7e80e8cda8bd1e29a80536b4ec2153fa9804"},
    {file = "pydantic_core-2.16.2-pp39-pypy39_pp73-win_amd64.whl", hash = "sha256:459c0d338cc55d099798618f714b21b7ece17eb1a87879f2da20a3ff4c7628e2"},
    {file = "pydantic_core-2.16.2.tar.gz", hash = "sha256:0ba503850d8b8dcc18391f10de896ae51d37fe5fe43dbfb6a35c5c5cad271a06"},
]

[package.dependencies]
typing-extensions = ">=4.6.0,<4.7.0 || >4.7.0"

[[package]]
name = "pyflakes"
version = "2.4.0"
description = "passive checker of Python programs"
optional = false
python-versions = ">=2.7, !=3.0.*, !=3.1.*, !=3.2.*, !=3.3.*"
files = [
    {file = "pyflakes-2.4.0-py2.py3-none-any.whl", hash = "sha256:3bb3a3f256f4b7968c9c788781e4ff07dce46bdf12339dcda61053375426ee2e"},
    {file = "pyflakes-2.4.0.tar.gz", hash = "sha256:05a85c2872edf37a4ed30b0cce2f6093e1d0581f8c19d7393122da7e25b2b24c"},
]

[[package]]
name = "pytest"
version = "8.0.0"
description = "pytest: simple powerful testing with Python"
optional = false
python-versions = ">=3.8"
files = [
    {file = "pytest-8.0.0-py3-none-any.whl", hash = "sha256:50fb9cbe836c3f20f0dfa99c565201fb75dc54c8d76373cd1bde06b06657bdb6"},
    {file = "pytest-8.0.0.tar.gz", hash = "sha256:249b1b0864530ba251b7438274c4d251c58d868edaaec8762893ad4a0d71c36c"},
]

[package.dependencies]
colorama = {version = "*", markers = "sys_platform == \"win32\""}
iniconfig = "*"
packaging = "*"
pluggy = ">=1.3.0,<2.0"

[package.extras]
testing = ["argcomplete", "attrs (>=19.2.0)", "hypothesis (>=3.56)", "mock", "nose", "pygments (>=2.7.2)", "requests", "setuptools", "xmlschema"]

[[package]]
name = "pytest-cov"
version = "4.1.0"
description = "Pytest plugin for measuring coverage."
optional = false
python-versions = ">=3.7"
files = [
    {file = "pytest-cov-4.1.0.tar.gz", hash = "sha256:3904b13dfbfec47f003b8e77fd5b589cd11904a21ddf1ab38a64f204d6a10ef6"},
    {file = "pytest_cov-4.1.0-py3-none-any.whl", hash = "sha256:6ba70b9e97e69fcc3fb45bfeab2d0a138fb65c4d0d6a41ef33983ad114be8c3a"},
]

[package.dependencies]
coverage = {version = ">=5.2.1", extras = ["toml"]}
pytest = ">=4.6"

[package.extras]
testing = ["fields", "hunter", "process-tests", "pytest-xdist", "six", "virtualenv"]

[[package]]
name = "ruff"
version = "0.2.1"
description = "An extremely fast Python linter and code formatter, written in Rust."
optional = false
python-versions = ">=3.7"
files = [
    {file = "ruff-0.2.1-py3-none-macosx_10_12_x86_64.macosx_11_0_arm64.macosx_10_12_universal2.whl", hash = "sha256:dd81b911d28925e7e8b323e8d06951554655021df8dd4ac3045d7212ac4ba080"},
    {file = "ruff-0.2.1-py3-none-macosx_10_12_x86_64.whl", hash = "sha256:dc586724a95b7d980aa17f671e173df00f0a2eef23f8babbeee663229a938fec"},
    {file = "ruff-0.2.1-py3-none-manylinux_2_17_aarch64.manylinux2014_aarch64.whl", hash = "sha256:c92db7101ef5bfc18e96777ed7bc7c822d545fa5977e90a585accac43d22f18a"},
    {file = "ruff-0.2.1-py3-none-manylinux_2_17_armv7l.manylinux2014_armv7l.whl", hash = "sha256:13471684694d41ae0f1e8e3a7497e14cd57ccb7dd72ae08d56a159d6c9c3e30e"},
    {file = "ruff-0.2.1-py3-none-manylinux_2_17_i686.manylinux2014_i686.whl", hash = "sha256:a11567e20ea39d1f51aebd778685582d4c56ccb082c1161ffc10f79bebe6df35"},
    {file = "ruff-0.2.1-py3-none-manylinux_2_17_ppc64.manylinux2014_ppc64.whl", hash = "sha256:00a818e2db63659570403e44383ab03c529c2b9678ba4ba6c105af7854008105"},
    {file = "ruff-0.2.1-py3-none-manylinux_2_17_ppc64le.manylinux2014_ppc64le.whl", hash = "sha256:be60592f9d218b52f03384d1325efa9d3b41e4c4d55ea022cd548547cc42cd2b"},
    {file = "ruff-0.2.1-py3-none-manylinux_2_17_s390x.manylinux2014_s390x.whl", hash = "sha256:fbd2288890b88e8aab4499e55148805b58ec711053588cc2f0196a44f6e3d855"},
    {file = "ruff-0.2.1-py3-none-manylinux_2_17_x86_64.manylinux2014_x86_64.whl", hash = "sha256:f3ef052283da7dec1987bba8d8733051c2325654641dfe5877a4022108098683"},
    {file = "ruff-0.2.1-py3-none-musllinux_1_2_aarch64.whl", hash = "sha256:7022d66366d6fded4ba3889f73cd791c2d5621b2ccf34befc752cb0df70f5fad"},
    {file = "ruff-0.2.1-py3-none-musllinux_1_2_armv7l.whl", hash = "sha256:0a725823cb2a3f08ee743a534cb6935727d9e47409e4ad72c10a3faf042ad5ba"},
    {file = "ruff-0.2.1-py3-none-musllinux_1_2_i686.whl", hash = "sha256:0034d5b6323e6e8fe91b2a1e55b02d92d0b582d2953a2b37a67a2d7dedbb7acc"},
    {file = "ruff-0.2.1-py3-none-musllinux_1_2_x86_64.whl", hash = "sha256:e5cb5526d69bb9143c2e4d2a115d08ffca3d8e0fddc84925a7b54931c96f5c02"},
    {file = "ruff-0.2.1-py3-none-win32.whl", hash = "sha256:6b95ac9ce49b4fb390634d46d6ece32ace3acdd52814671ccaf20b7f60adb232"},
    {file = "ruff-0.2.1-py3-none-win_amd64.whl", hash = "sha256:e3affdcbc2afb6f5bd0eb3130139ceedc5e3f28d206fe49f63073cb9e65988e0"},
    {file = "ruff-0.2.1-py3-none-win_arm64.whl", hash = "sha256:efababa8e12330aa94a53e90a81eb6e2d55f348bc2e71adbf17d9cad23c03ee6"},
    {file = "ruff-0.2.1.tar.gz", hash = "sha256:3b42b5d8677cd0c72b99fcaf068ffc62abb5a19e71b4a3b9cfa50658a0af02f1"},
]

[[package]]
name = "sniffio"
version = "1.3.0"
description = "Sniff out which async library your code is running under"
optional = false
python-versions = ">=3.7"
files = [
    {file = "sniffio-1.3.0-py3-none-any.whl", hash = "sha256:eecefdce1e5bbfb7ad2eeaabf7c1eeb404d7757c379bd1f7e5cce9d8bf425384"},
    {file = "sniffio-1.3.0.tar.gz", hash = "sha256:e60305c5e5d314f5389259b7f22aaa33d8f7dee49763119234af3755c55b9101"},
]

[[package]]
name = "starlette"
version = "0.36.3"
description = "The little ASGI library that shines."
optional = false
python-versions = ">=3.8"
files = [
    {file = "starlette-0.36.3-py3-none-any.whl", hash = "sha256:13d429aa93a61dc40bf503e8c801db1f1bca3dc706b10ef2434a36123568f044"},
    {file = "starlette-0.36.3.tar.gz", hash = "sha256:90a671733cfb35771d8cc605e0b679d23b992f8dcfad48cc60b38cb29aeb7080"},
]

[package.dependencies]
anyio = ">=3.4.0,<5"

[package.extras]
full = ["httpx (>=0.22.0)", "itsdangerous", "jinja2", "python-multipart (>=0.0.7)", "pyyaml"]

[[package]]
name = "taskipy"
version = "1.12.2"
description = "tasks runner for python projects"
optional = false
python-versions = ">=3.6,<4.0"
files = [
    {file = "taskipy-1.12.2-py3-none-any.whl", hash = "sha256:ffdbb0bb0db54c0ec5c424610a3a087eea22706d4d1f6e3e8b4f12ebba05f98f"},
    {file = "taskipy-1.12.2.tar.gz", hash = "sha256:eadfdc20d6bb94d8018eda32f1dbf584cf4aa6cffb71ba5cc2de20d344f8c4fb"},
]

[package.dependencies]
colorama = ">=0.4.4,<0.5.0"
mslex = {version = ">=1.1.0,<2.0.0", markers = "sys_platform == \"win32\""}
psutil = ">=5.7.2,<6.0.0"
tomli = {version = ">=2.0.1,<3.0.0", markers = "python_version >= \"3.7\" and python_version < \"4.0\""}

[[package]]
name = "tomli"
version = "2.0.1"
description = "A lil' TOML parser"
optional = false
python-versions = ">=3.7"
files = [
    {file = "tomli-2.0.1-py3-none-any.whl", hash = "sha256:939de3e7a6161af0c887ef91b7d41a53e7c5a1ca976325f429cb46ea9bc30ecc"},
    {file = "tomli-2.0.1.tar.gz", hash = "sha256:de526c12914f0c550d15924c62d72abc48d6fe7364aa87328337a31007fe8a4f"},
]

[[package]]
name = "typing-extensions"
version = "4.9.0"
description = "Backported and Experimental Type Hints for Python 3.8+"
optional = false
python-versions = ">=3.8"
files = [
    {file = "typing_extensions-4.9.0-py3-none-any.whl", hash = "sha256:af72aea155e91adfc61c3ae9e0e342dbc0cba726d6cba4b6c72c1f34e47291cd"},
    {file = "typing_extensions-4.9.0.tar.gz", hash = "sha256:23478f88c37f27d76ac8aee6c905017a143b0b1b886c3c9f66bc2fd94f9f5783"},
]

[[package]]
name = "uvicorn"
version = "0.27.0.post1"
description = "The lightning-fast ASGI server."
optional = false
python-versions = ">=3.8"
files = [
    {file = "uvicorn-0.27.0.post1-py3-none-any.whl", hash = "sha256:4b85ba02b8a20429b9b205d015cbeb788a12da527f731811b643fd739ef90d5f"},
    {file = "uvicorn-0.27.0.post1.tar.gz", hash = "sha256:54898fcd80c13ff1cd28bf77b04ec9dbd8ff60c5259b499b4b12bb0917f22907"},
]

[package.dependencies]
click = ">=7.0"
h11 = ">=0.8"

[package.extras]
standard = ["colorama (>=0.4)", "httptools (>=0.5.0)", "python-dotenv (>=0.13)", "pyyaml (>=5.1)", "uvloop (>=0.14.0,!=0.15.0,!=0.15.1)", "watchfiles (>=0.13)", "websockets (>=10.4)"]

[metadata]
lock-version = "2.0"
python-versions = "^3.11"
content-hash = "849f3535f057d7470f5218a6291e8c57f1d2e423f157d674116b795a5b94508e"
